
Microsoft Visual Studio Solution File, Format Version 12.00
# Visual Studio Version 17
VisualStudioVersion = 17.7.34302.85
MinimumVisualStudioVersion = 10.0.40219.1
Project("{FAE04EC0-301F-11D3-BF4B-00C04F79EFBC}") = "MovieAPI", "MovieAPI\MovieAPI.csproj", "{6E162136-8120-43AC-B2FF-0359E50BF85A}"
	ProjectSection(ProjectDependencies) = postProject
		{C3490BB8-8FB5-4CC2-BD7B-65E923A4183E} = {C3490BB8-8FB5-4CC2-BD7B-65E923A4183E}
	EndProjectSection
EndProject
Project("{FAE04EC0-301F-11D3-BF4B-00C04F79EFBC}") = "MovieAPI.DATA", "MovieAPI.Entities\MovieAPI.DATA.csproj", "{2AB6904A-F81F-4A7B-BEE5-4EFA91E094BE}"
EndProject
Project("{FAE04EC0-301F-11D3-BF4B-00C04F79EFBC}") = "MovieAPI.DAL", "MovieAPI.Repositories\MovieAPI.DAL.csproj", "{21E08002-0D1A-42CC-A784-2E6B99DA8B3C}"
	ProjectSection(ProjectDependencies) = postProject
		{2AB6904A-F81F-4A7B-BEE5-4EFA91E094BE} = {2AB6904A-F81F-4A7B-BEE5-4EFA91E094BE}
	EndProjectSection
EndProject
Project("{FAE04EC0-301F-11D3-BF4B-00C04F79EFBC}") = "MovieAPI.BLL", "MovieAPI.Services\MovieAPI.BLL.csproj", "{C3490BB8-8FB5-4CC2-BD7B-65E923A4183E}"
	ProjectSection(ProjectDependencies) = postProject
		{21E08002-0D1A-42CC-A784-2E6B99DA8B3C} = {21E08002-0D1A-42CC-A784-2E6B99DA8B3C}
	EndProjectSection
EndProject
Global
	GlobalSection(SolutionConfigurationPlatforms) = preSolution
		Debug|Any CPU = Debug|Any CPU
		Release|Any CPU = Release|Any CPU
	EndGlobalSection
	GlobalSection(ProjectConfigurationPlatforms) = postSolution
		{6E162136-8120-43AC-B2FF-0359E50BF85A}.Debug|Any CPU.ActiveCfg = Debug|Any CPU
		{6E162136-8120-43AC-B2FF-0359E50BF85A}.Debug|Any CPU.Build.0 = Debug|Any CPU
		{6E162136-8120-43AC-B2FF-0359E50BF85A}.Release|Any CPU.ActiveCfg = Release|Any CPU
		{6E162136-8120-43AC-B2FF-0359E50BF85A}.Release|Any CPU.Build.0 = Release|Any CPU
		{2AB6904A-F81F-4A7B-BEE5-4EFA91E094BE}.Debug|Any CPU.ActiveCfg = Debug|Any CPU
		{2AB6904A-F81F-4A7B-BEE5-4EFA91E094BE}.Debug|Any CPU.Build.0 = Debug|Any CPU
		{2AB6904A-F81F-4A7B-BEE5-4EFA91E094BE}.Release|Any CPU.ActiveCfg = Release|Any CPU
		{2AB6904A-F81F-4A7B-BEE5-4EFA91E094BE}.Release|Any CPU.Build.0 = Release|Any CPU
		{21E08002-0D1A-42CC-A784-2E6B99DA8B3C}.Debug|Any CPU.ActiveCfg = Debug|Any CPU
		{21E08002-0D1A-42CC-A784-2E6B99DA8B3C}.Debug|Any CPU.Build.0 = Debug|Any CPU
		{21E08002-0D1A-42CC-A784-2E6B99DA8B3C}.Release|Any CPU.ActiveCfg = Release|Any CPU
		{21E08002-0D1A-42CC-A784-2E6B99DA8B3C}.Release|Any CPU.Build.0 = Release|Any CPU
		{C3490BB8-8FB5-4CC2-BD7B-65E923A4183E}.Debug|Any CPU.ActiveCfg = Debug|Any CPU
		{C3490BB8-8FB5-4CC2-BD7B-65E923A4183E}.Debug|Any CPU.Build.0 = Debug|Any CPU
		{C3490BB8-8FB5-4CC2-BD7B-65E923A4183E}.Release|Any CPU.ActiveCfg = Release|Any CPU
		{C3490BB8-8FB5-4CC2-BD7B-65E923A4183E}.Release|Any CPU.Build.0 = Release|Any CPU
	EndGlobalSection
	GlobalSection(SolutionProperties) = preSolution
		HideSolutionNode = FALSE
	EndGlobalSection
	GlobalSection(ExtensibilityGlobals) = postSolution
		SolutionGuid = {5A25BB8F-918E-415E-8B8A-DB756223AA24}
	EndGlobalSection
EndGlobal
